
Microsoft Visual Studio Solution File, Format Version 12.00
# Visual Studio 15
VisualStudioVersion = 15.0.28307.421
MinimumVisualStudioVersion = 10.0.40219.1
Project("{9A19103F-16F7-4668-BE54-9A1E7A4F7556}") = "Bowling.Unit.Tests", "Bowling.Unit.Tests\Bowling.Unit.Tests.csproj", "{317F9B20-82C8-4F2A-B68F-373CEC9C4BFD}"
EndProject
Project("{9A19103F-16F7-4668-BE54-9A1E7A4F7556}") = "Bowling", "Bowling\Bowling.csproj", "{55C6B58C-D1BD-442D-8402-9D62CFA52242}"
EndProject
Global
	GlobalSection(SolutionConfigurationPlatforms) = preSolution
		Debug|Any CPU = Debug|Any CPU
		Release|Any CPU = Release|Any CPU
	EndGlobalSection
	GlobalSection(ProjectConfigurationPlatforms) = postSolution
		{317F9B20-82C8-4F2A-B68F-373CEC9C4BFD}.Debug|Any CPU.ActiveCfg = Debug|Any CPU
		{317F9B20-82C8-4F2A-B68F-373CEC9C4BFD}.Debug|Any CPU.Build.0 = Debug|Any CPU
		{317F9B20-82C8-4F2A-B68F-373CEC9C4BFD}.Release|Any CPU.ActiveCfg = Release|Any CPU
		{317F9B20-82C8-4F2A-B68F-373CEC9C4BFD}.Release|Any CPU.Build.0 = Release|Any CPU
		{55C6B58C-D1BD-442D-8402-9D62CFA52242}.Debug|Any CPU.ActiveCfg = Debug|Any CPU
		{55C6B58C-D1BD-442D-8402-9D62CFA52242}.Debug|Any CPU.Build.0 = Debug|Any CPU
		{55C6B58C-D1BD-442D-8402-9D62CFA52242}.Release|Any CPU.ActiveCfg = Release|Any CPU
		{55C6B58C-D1BD-442D-8402-9D62CFA52242}.Release|Any CPU.Build.0 = Release|Any CPU
	EndGlobalSection
	GlobalSection(SolutionProperties) = preSolution
		HideSolutionNode = FALSE
	EndGlobalSection
	GlobalSection(ExtensibilityGlobals) = postSolution
		SolutionGuid = {45469AE4-676F-4DC8-9D52-9AA7084EACE7}
	EndGlobalSection
EndGlobal
